# This file was autogenerated by Juvix version 0.5.4.
# Do not edit this file manually.

version: 2
checksum: a7bef23f2dff89e71493d2932d0e10469a0ac4d9ecb739ba620cbd871a4d7003
dependencies:
- git:
    name: anoma_juvix-stdlib
    ref: 183d4e9329a648b339ebecf2122b3e9621c99ee8
    url: https://github.com/anoma/juvix-stdlib
  dependencies: []
- git:
    name: anoma_juvix-test
    ref: 61c5404bddd04b5d768739192a25f1c3a6bce9eb
    url: https://github.com/anoma/juvix-test
  dependencies:
  - git:
      name: anoma_juvix-stdlib
      ref: 183d4e9329a648b339ebecf2122b3e9621c99ee8
      url: https://github.com/anoma/juvix-stdlib
    dependencies: []
- path: ../
  dependencies:
  - git:
      name: anoma_juvix-stdlib
      ref: 183d4e9329a648b339ebecf2122b3e9621c99ee8
      url: https://github.com/anoma/juvix-stdlib
    dependencies: []
  - git:
      name: anoma_juvix-containers
      ref: 542a391f900dc6ecb7bc5f937b2662dc1333e6b0
      url: https://github.com/anoma/juvix-containers
    dependencies:
    - git:
        name: anoma_juvix-stdlib
        ref: 183d4e9329a648b339ebecf2122b3e9621c99ee8
        url: https://github.com/anoma/juvix-stdlib
      dependencies: []
