# This file was autogenerated by Juvix version 0.5.4.
# Do not edit this file manually.

dependencies:
- git:
    name: anoma_juvix-stdlib
    ref: f68b0614ad695eaa13ead42f3466e0a78219f826
    url: https://github.com/anoma/juvix-stdlib
  dependencies: []
- git:
    name: anoma_juvix-test
    ref: 3ed8a393b45c75af2c2f4bc0b5262ce9f1115a05
    url: https://github.com/anoma/juvix-test
  dependencies:
  - git:
      name: anoma_juvix-stdlib
      ref: f68b0614ad695eaa13ead42f3466e0a78219f826
      url: https://github.com/anoma/juvix-stdlib
    dependencies: []
- git:
    name: anoma_juvix-containers
    ref: 1df4ff92eb91f7e2b1fa42fb16d6b6cfb19eff11
    url: https://github.com/anoma/juvix-containers
  dependencies:
  - git:
      name: anoma_juvix-stdlib
      ref: f68b0614ad695eaa13ead42f3466e0a78219f826
      url: https://github.com/anoma/juvix-stdlib
    dependencies: []
  - git:
      name: anoma_juvix-test
      ref: 3ed8a393b45c75af2c2f4bc0b5262ce9f1115a05
      url: https://github.com/anoma/juvix-test
    dependencies:
    - git:
        name: anoma_juvix-stdlib
        ref: f68b0614ad695eaa13ead42f3466e0a78219f826
        url: https://github.com/anoma/juvix-stdlib
      dependencies: []
