# This file was autogenerated by Juvix version 0.5.4.
# Do not edit this file manually.

version: 2
checksum: 285c34f45506db875e01f37354feb103c326e32bfe3e9acf33967e65357e47e1
dependencies:
- git:
    name: anoma_juvix-stdlib
    ref: 183d4e9329a648b339ebecf2122b3e9621c99ee8
    url: https://github.com/anoma/juvix-stdlib
  dependencies: []
- git:
    name: anoma_juvix-containers
    ref: 471fa239827b57b22b008c33acc0fed90d129559
    url: https://github.com/anoma/juvix-containers
  dependencies:
  - git:
      name: anoma_juvix-stdlib
      ref: 183d4e9329a648b339ebecf2122b3e9621c99ee8
      url: https://github.com/anoma/juvix-stdlib
    dependencies: []
