# This file was autogenerated by Juvix version 0.5.4.
# Do not edit this file manually.

version: 2
checksum: 9db5f3fd89c02b923ce9c29daa37ee6d152e5eb2e6179ecf41e85d2e79411481
dependencies:
- git:
    name: anoma_juvix-stdlib
    ref: 183d4e9329a648b339ebecf2122b3e9621c99ee8
    url: https://github.com/anoma/juvix-stdlib
  dependencies: []
- git:
    name: anoma_juvix-containers
    ref: 542a391f900dc6ecb7bc5f937b2662dc1333e6b0
    url: https://github.com/anoma/juvix-containers
  dependencies:
  - git:
      name: anoma_juvix-stdlib
      ref: 183d4e9329a648b339ebecf2122b3e9621c99ee8
      url: https://github.com/anoma/juvix-stdlib
    dependencies: []
